
Microsoft Visual Studio Solution File, Format Version 12.00
# Visual Studio Version 16
VisualStudioVersion = 16.0.29509.3
MinimumVisualStudioVersion = 10.0.40219.1
Project("{FAE04EC0-301F-11D3-BF4B-00C04F79EFBC}") = "Calculator", "Calculator\Calculator.csproj", "{585362A3-E867-4103-AB95-C2105FE2C715}"
EndProject
Project("{FAE04EC0-301F-11D3-BF4B-00C04F79EFBC}") = "CalculatorOperationChain", "CalculatorOperationChain\CalculatorOperationChain.csproj", "{AEBE998B-9A43-4B48-9550-8B33F99145DF}"
EndProject
Project("{FAE04EC0-301F-11D3-BF4B-00C04F79EFBC}") = "CalulatorTest", "CalulatorTest\CalulatorTest.csproj", "{12723131-1BBD-49E3-A681-15E4ABDDEF1C}"
EndProject
Project("{FAE04EC0-301F-11D3-BF4B-00C04F79EFBC}") = "CalulatorCLI", "CalulatorCLI\CalulatorCLI.csproj", "{99B83852-8DFD-4311-9040-71189031CE3E}"
EndProject
Project("{FAE04EC0-301F-11D3-BF4B-00C04F79EFBC}") = "CalulatorOpertaionChainTest", "CalulatorOpertaionChainTest\CalulatorOpertaionChainTest.csproj", "{5DF29D66-0A32-437F-9F9B-A694FBB2B658}"
EndProject
Project("{FAE04EC0-301F-11D3-BF4B-00C04F79EFBC}") = "CalculatorCLITest", "CalculatorCLITest\CalculatorCLITest.csproj", "{104EC692-7CD5-47CB-8EA7-AC0CB69D2EE4}"
EndProject
Global
	GlobalSection(SolutionConfigurationPlatforms) = preSolution
		Debug|Any CPU = Debug|Any CPU
		Release|Any CPU = Release|Any CPU
	EndGlobalSection
	GlobalSection(ProjectConfigurationPlatforms) = postSolution
		{585362A3-E867-4103-AB95-C2105FE2C715}.Debug|Any CPU.ActiveCfg = Debug|Any CPU
		{585362A3-E867-4103-AB95-C2105FE2C715}.Debug|Any CPU.Build.0 = Debug|Any CPU
		{585362A3-E867-4103-AB95-C2105FE2C715}.Release|Any CPU.ActiveCfg = Release|Any CPU
		{585362A3-E867-4103-AB95-C2105FE2C715}.Release|Any CPU.Build.0 = Release|Any CPU
		{AEBE998B-9A43-4B48-9550-8B33F99145DF}.Debug|Any CPU.ActiveCfg = Debug|Any CPU
		{AEBE998B-9A43-4B48-9550-8B33F99145DF}.Debug|Any CPU.Build.0 = Debug|Any CPU
		{AEBE998B-9A43-4B48-9550-8B33F99145DF}.Release|Any CPU.ActiveCfg = Release|Any CPU
		{AEBE998B-9A43-4B48-9550-8B33F99145DF}.Release|Any CPU.Build.0 = Release|Any CPU
		{12723131-1BBD-49E3-A681-15E4ABDDEF1C}.Debug|Any CPU.ActiveCfg = Debug|Any CPU
		{12723131-1BBD-49E3-A681-15E4ABDDEF1C}.Debug|Any CPU.Build.0 = Debug|Any CPU
		{12723131-1BBD-49E3-A681-15E4ABDDEF1C}.Release|Any CPU.ActiveCfg = Release|Any CPU
		{12723131-1BBD-49E3-A681-15E4ABDDEF1C}.Release|Any CPU.Build.0 = Release|Any CPU
		{99B83852-8DFD-4311-9040-71189031CE3E}.Debug|Any CPU.ActiveCfg = Debug|Any CPU
		{99B83852-8DFD-4311-9040-71189031CE3E}.Debug|Any CPU.Build.0 = Debug|Any CPU
		{99B83852-8DFD-4311-9040-71189031CE3E}.Release|Any CPU.ActiveCfg = Release|Any CPU
		{99B83852-8DFD-4311-9040-71189031CE3E}.Release|Any CPU.Build.0 = Release|Any CPU
		{5DF29D66-0A32-437F-9F9B-A694FBB2B658}.Debug|Any CPU.ActiveCfg = Debug|Any CPU
		{5DF29D66-0A32-437F-9F9B-A694FBB2B658}.Debug|Any CPU.Build.0 = Debug|Any CPU
		{5DF29D66-0A32-437F-9F9B-A694FBB2B658}.Release|Any CPU.ActiveCfg = Release|Any CPU
		{5DF29D66-0A32-437F-9F9B-A694FBB2B658}.Release|Any CPU.Build.0 = Release|Any CPU
		{104EC692-7CD5-47CB-8EA7-AC0CB69D2EE4}.Debug|Any CPU.ActiveCfg = Debug|Any CPU
		{104EC692-7CD5-47CB-8EA7-AC0CB69D2EE4}.Debug|Any CPU.Build.0 = Debug|Any CPU
		{104EC692-7CD5-47CB-8EA7-AC0CB69D2EE4}.Release|Any CPU.ActiveCfg = Release|Any CPU
		{104EC692-7CD5-47CB-8EA7-AC0CB69D2EE4}.Release|Any CPU.Build.0 = Release|Any CPU
	EndGlobalSection
	GlobalSection(SolutionProperties) = preSolution
		HideSolutionNode = FALSE
	EndGlobalSection
	GlobalSection(ExtensibilityGlobals) = postSolution
		SolutionGuid = {6031934B-599F-4638-9E67-1832CB60136F}
	EndGlobalSection
EndGlobal
